
Microsoft Visual Studio Solution File, Format Version 12.00
# Visual Studio Version 17
VisualStudioVersion = 17.6.33712.159
MinimumVisualStudioVersion = 10.0.40219.1
Project("{FAE04EC0-301F-11D3-BF4B-00C04F79EFBC}") = "Task6", "Task6\Task6.csproj", "{EC2622A6-B095-4373-92DA-95AE09B25A40}"
EndProject
Global
	GlobalSection(SolutionConfigurationPlatforms) = preSolution
		Debug|Any CPU = Debug|Any CPU
		Release|Any CPU = Release|Any CPU
	EndGlobalSection
	GlobalSection(ProjectConfigurationPlatforms) = postSolution
		{EC2622A6-B095-4373-92DA-95AE09B25A40}.Debug|Any CPU.ActiveCfg = Debug|Any CPU
		{EC2622A6-B095-4373-92DA-95AE09B25A40}.Debug|Any CPU.Build.0 = Debug|Any CPU
		{EC2622A6-B095-4373-92DA-95AE09B25A40}.Release|Any CPU.ActiveCfg = Release|Any CPU
		{EC2622A6-B095-4373-92DA-95AE09B25A40}.Release|Any CPU.Build.0 = Release|Any CPU
	EndGlobalSection
	GlobalSection(SolutionProperties) = preSolution
		HideSolutionNode = FALSE
	EndGlobalSection
	GlobalSection(ExtensibilityGlobals) = postSolution
		SolutionGuid = {F108EF8F-66DE-4028-B515-88E872D5BF46}
	EndGlobalSection
EndGlobal
